// !$*UTF8*$!
{
	archiveVersion = 1;
	classes = {
	};
	objectVersion = 77;
	objects = {

/* Begin PBXBuildFile section */
		5874F7B02CC3325200AE8815 /* WeatherSDK.framework in Frameworks */ = {isa = PBXBuildFile; fileRef = 58C848F12CC32D9400854541 /* WeatherSDK.framework */; };
		5874F7B12CC3325200AE8815 /* WeatherSDK.framework in Embed Frameworks */ = {isa = PBXBuildFile; fileRef = 58C848F12CC32D9400854541 /* WeatherSDK.framework */; settings = {ATTRIBUTES = (CodeSignOnCopy, RemoveHeadersOnCopy, ); }; };
		587D8EC12CCE5DC700BA8C1F /* .gitignore in Resources */ = {isa = PBXBuildFile; fileRef = 587D8EC02CCE5DC700BA8C1F /* .gitignore */; };
		58C848FB2CC32D9400854541 /* WeatherSDK.framework in Frameworks */ = {isa = PBXBuildFile; fileRef = 58C848F12CC32D9400854541 /* WeatherSDK.framework */; };
/* End PBXBuildFile section */

/* Begin PBXContainerItemProxy section */
		5855A1352CBB0D2A006D0CD5 /* PBXContainerItemProxy */ = {
			isa = PBXContainerItemProxy;
			containerPortal = 5855A11C2CBB0D29006D0CD5 /* Project object */;
			proxyType = 1;
			remoteGlobalIDString = 5855A1232CBB0D29006D0CD5;
			remoteInfo = TestTask;
		};
		5855A13F2CBB0D2A006D0CD5 /* PBXContainerItemProxy */ = {
			isa = PBXContainerItemProxy;
			containerPortal = 5855A11C2CBB0D29006D0CD5 /* Project object */;
			proxyType = 1;
			remoteGlobalIDString = 5855A1232CBB0D29006D0CD5;
			remoteInfo = TestTask;
		};
		5874F7B22CC3325200AE8815 /* PBXContainerItemProxy */ = {
			isa = PBXContainerItemProxy;
			containerPortal = 5855A11C2CBB0D29006D0CD5 /* Project object */;
			proxyType = 1;
			remoteGlobalIDString = 58C848F02CC32D9400854541;
			remoteInfo = WeatherSDK;
		};
		58C848FC2CC32D9400854541 /* PBXContainerItemProxy */ = {
			isa = PBXContainerItemProxy;
			containerPortal = 5855A11C2CBB0D29006D0CD5 /* Project object */;
			proxyType = 1;
			remoteGlobalIDString = 58C848F02CC32D9400854541;
			remoteInfo = WeatherSDK;
		};
		58C848FE2CC32D9400854541 /* PBXContainerItemProxy */ = {
			isa = PBXContainerItemProxy;
			containerPortal = 5855A11C2CBB0D29006D0CD5 /* Project object */;
			proxyType = 1;
			remoteGlobalIDString = 5855A1232CBB0D29006D0CD5;
			remoteInfo = TestTask;
		};
/* End PBXContainerItemProxy section */

/* Begin PBXCopyFilesBuildPhase section */
		5874F7B42CC3325200AE8815 /* Embed Frameworks */ = {
			isa = PBXCopyFilesBuildPhase;
			buildActionMask = 2147483647;
			dstPath = "";
			dstSubfolderSpec = 10;
			files = (
				5874F7B12CC3325200AE8815 /* WeatherSDK.framework in Embed Frameworks */,
			);
			name = "Embed Frameworks";
			runOnlyForDeploymentPostprocessing = 0;
		};
/* End PBXCopyFilesBuildPhase section */

/* Begin PBXFileReference section */
		5855A1242CBB0D29006D0CD5 /* TestTask.app */ = {isa = PBXFileReference; explicitFileType = wrapper.application; includeInIndex = 0; path = TestTask.app; sourceTree = BUILT_PRODUCTS_DIR; };
		5855A1342CBB0D2A006D0CD5 /* TestTaskTests.xctest */ = {isa = PBXFileReference; explicitFileType = wrapper.cfbundle; includeInIndex = 0; path = TestTaskTests.xctest; sourceTree = BUILT_PRODUCTS_DIR; };
		5855A13E2CBB0D2A006D0CD5 /* TestTaskUITests.xctest */ = {isa = PBXFileReference; explicitFileType = wrapper.cfbundle; includeInIndex = 0; path = TestTaskUITests.xctest; sourceTree = BUILT_PRODUCTS_DIR; };
		587D8EC02CCE5DC700BA8C1F /* .gitignore */ = {isa = PBXFileReference; lastKnownFileType = text; path = .gitignore; sourceTree = "<group>"; };
		58C848F12CC32D9400854541 /* WeatherSDK.framework */ = {isa = PBXFileReference; explicitFileType = wrapper.framework; includeInIndex = 0; path = WeatherSDK.framework; sourceTree = BUILT_PRODUCTS_DIR; };
		58C848FA2CC32D9400854541 /* WeatherSDKTests.xctest */ = {isa = PBXFileReference; explicitFileType = wrapper.cfbundle; includeInIndex = 0; path = WeatherSDKTests.xctest; sourceTree = BUILT_PRODUCTS_DIR; };
/* End PBXFileReference section */

/* Begin PBXFileSystemSynchronizedBuildFileExceptionSet section */
		585713712CC5A42800E68492 /* Exceptions for "WeatherSDK" folder in "WeatherSDKTests" target */ = {
			isa = PBXFileSystemSynchronizedBuildFileExceptionSet;
			membershipExceptions = (
				Tests/WeatherSDKTests/WeatherSDKTests.swift,
			);
			target = 58C848F92CC32D9400854541 /* WeatherSDKTests */;
		};
		58C849082CC32D9400854541 /* Exceptions for "WeatherSDK" folder in "WeatherSDK" target */ = {
			isa = PBXFileSystemSynchronizedBuildFileExceptionSet;
			membershipExceptions = (
				Tests/WeatherSDKTests/WeatherSDKTests.swift,
			);
			publicHeaders = (
				WeatherSDK.h,
			);
			target = 58C848F02CC32D9400854541 /* WeatherSDK */;
		};
		58D37BB12CC3DE4F00380C41 /* Exceptions for "TestTask" folder in "TestTask" target */ = {
			isa = PBXFileSystemSynchronizedBuildFileExceptionSet;
			membershipExceptions = (
				Info.plist,
			);
			target = 5855A1232CBB0D29006D0CD5 /* TestTask */;
		};
/* End PBXFileSystemSynchronizedBuildFileExceptionSet section */

/* Begin PBXFileSystemSynchronizedRootGroup section */
		5855A1262CBB0D29006D0CD5 /* TestTask */ = {
			isa = PBXFileSystemSynchronizedRootGroup;
			exceptions = (
				58D37BB12CC3DE4F00380C41 /* Exceptions for "TestTask" folder in "TestTask" target */,
			);
			path = TestTask;
			sourceTree = "<group>";
		};
		5855A1372CBB0D2A006D0CD5 /* TestTaskTests */ = {
			isa = PBXFileSystemSynchronizedRootGroup;
			path = TestTaskTests;
			sourceTree = "<group>";
		};
		5855A1412CBB0D2A006D0CD5 /* TestTaskUITests */ = {
			isa = PBXFileSystemSynchronizedRootGroup;
			path = TestTaskUITests;
			sourceTree = "<group>";
		};
		58C848F22CC32D9400854541 /* WeatherSDK */ = {
			isa = PBXFileSystemSynchronizedRootGroup;
			exceptions = (
				58C849082CC32D9400854541 /* Exceptions for "WeatherSDK" folder in "WeatherSDK" target */,
				585713712CC5A42800E68492 /* Exceptions for "WeatherSDK" folder in "WeatherSDKTests" target */,
			);
			path = WeatherSDK;
			sourceTree = "<group>";
		};
/* End PBXFileSystemSynchronizedRootGroup section */

/* Begin PBXFrameworksBuildPhase section */
		5855A1212CBB0D29006D0CD5 /* Frameworks */ = {
			isa = PBXFrameworksBuildPhase;
			buildActionMask = 2147483647;
			files = (
				5874F7B02CC3325200AE8815 /* WeatherSDK.framework in Frameworks */,
			);
			runOnlyForDeploymentPostprocessing = 0;
		};
		5855A1312CBB0D2A006D0CD5 /* Frameworks */ = {
			isa = PBXFrameworksBuildPhase;
			buildActionMask = 2147483647;
			files = (
			);
			runOnlyForDeploymentPostprocessing = 0;
		};
		5855A13B2CBB0D2A006D0CD5 /* Frameworks */ = {
			isa = PBXFrameworksBuildPhase;
			buildActionMask = 2147483647;
			files = (
			);
			runOnlyForDeploymentPostprocessing = 0;
		};
		58C848EE2CC32D9400854541 /* Frameworks */ = {
			isa = PBXFrameworksBuildPhase;
			buildActionMask = 2147483647;
			files = (
			);
			runOnlyForDeploymentPostprocessing = 0;
		};
		58C848F72CC32D9400854541 /* Frameworks */ = {
			isa = PBXFrameworksBuildPhase;
			buildActionMask = 2147483647;
			files = (
				58C848FB2CC32D9400854541 /* WeatherSDK.framework in Frameworks */,
			);
			runOnlyForDeploymentPostprocessing = 0;
		};
/* End PBXFrameworksBuildPhase section */

/* Begin PBXGroup section */
		5855A11B2CBB0D29006D0CD5 = {
			isa = PBXGroup;
			children = (
				5855A1262CBB0D29006D0CD5 /* TestTask */,
				5855A1372CBB0D2A006D0CD5 /* TestTaskTests */,
				5855A1412CBB0D2A006D0CD5 /* TestTaskUITests */,
				58C848F22CC32D9400854541 /* WeatherSDK */,
				5874F7AF2CC3325200AE8815 /* Frameworks */,
				5855A1252CBB0D29006D0CD5 /* Products */,
				587D8EC02CCE5DC700BA8C1F /* .gitignore */,
			);
			sourceTree = "<group>";
		};
		5855A1252CBB0D29006D0CD5 /* Products */ = {
			isa = PBXGroup;
			children = (
				5855A1242CBB0D29006D0CD5 /* TestTask.app */,
				5855A1342CBB0D2A006D0CD5 /* TestTaskTests.xctest */,
				5855A13E2CBB0D2A006D0CD5 /* TestTaskUITests.xctest */,
				58C848F12CC32D9400854541 /* WeatherSDK.framework */,
				58C848FA2CC32D9400854541 /* WeatherSDKTests.xctest */,
			);
			name = Products;
			sourceTree = "<group>";
		};
		5874F7AF2CC3325200AE8815 /* Frameworks */ = {
			isa = PBXGroup;
			children = (
			);
			name = Frameworks;
			sourceTree = "<group>";
		};
/* End PBXGroup section */

/* Begin PBXHeadersBuildPhase section */
		58C848EC2CC32D9400854541 /* Headers */ = {
			isa = PBXHeadersBuildPhase;
			buildActionMask = 2147483647;
			files = (
			);
			runOnlyForDeploymentPostprocessing = 0;
		};
/* End PBXHeadersBuildPhase section */

/* Begin PBXNativeTarget section */
		5855A1232CBB0D29006D0CD5 /* TestTask */ = {
			isa = PBXNativeTarget;
			buildConfigurationList = 5855A1482CBB0D2A006D0CD5 /* Build configuration list for PBXNativeTarget "TestTask" */;
			buildPhases = (
				5855A1202CBB0D29006D0CD5 /* Sources */,
				5855A1212CBB0D29006D0CD5 /* Frameworks */,
				5855A1222CBB0D29006D0CD5 /* Resources */,
				5874F7B42CC3325200AE8815 /* Embed Frameworks */,
			);
			buildRules = (
			);
			dependencies = (
				5874F7B32CC3325200AE8815 /* PBXTargetDependency */,
			);
			fileSystemSynchronizedGroups = (
				5855A1262CBB0D29006D0CD5 /* TestTask */,
			);
			name = TestTask;
			packageProductDependencies = (
			);
			productName = TestTask;
			productReference = 5855A1242CBB0D29006D0CD5 /* TestTask.app */;
			productType = "com.apple.product-type.application";
		};
		5855A1332CBB0D2A006D0CD5 /* TestTaskTests */ = {
			isa = PBXNativeTarget;
			buildConfigurationList = 5855A14B2CBB0D2A006D0CD5 /* Build configuration list for PBXNativeTarget "TestTaskTests" */;
			buildPhases = (
				5855A1302CBB0D2A006D0CD5 /* Sources */,
				5855A1312CBB0D2A006D0CD5 /* Frameworks */,
				5855A1322CBB0D2A006D0CD5 /* Resources */,
			);
			buildRules = (
			);
			dependencies = (
				5855A1362CBB0D2A006D0CD5 /* PBXTargetDependency */,
			);
			fileSystemSynchronizedGroups = (
				5855A1372CBB0D2A006D0CD5 /* TestTaskTests */,
			);
			name = TestTaskTests;
			packageProductDependencies = (
			);
			productName = TestTaskTests;
			productReference = 5855A1342CBB0D2A006D0CD5 /* TestTaskTests.xctest */;
			productType = "com.apple.product-type.bundle.unit-test";
		};
		5855A13D2CBB0D2A006D0CD5 /* TestTaskUITests */ = {
			isa = PBXNativeTarget;
			buildConfigurationList = 5855A14E2CBB0D2A006D0CD5 /* Build configuration list for PBXNativeTarget "TestTaskUITests" */;
			buildPhases = (
				5855A13A2CBB0D2A006D0CD5 /* Sources */,
				5855A13B2CBB0D2A006D0CD5 /* Frameworks */,
				5855A13C2CBB0D2A006D0CD5 /* Resources */,
			);
			buildRules = (
			);
			dependencies = (
				5855A1402CBB0D2A006D0CD5 /* PBXTargetDependency */,
			);
			fileSystemSynchronizedGroups = (
				5855A1412CBB0D2A006D0CD5 /* TestTaskUITests */,
			);
			name = TestTaskUITests;
			packageProductDependencies = (
			);
			productName = TestTaskUITests;
			productReference = 5855A13E2CBB0D2A006D0CD5 /* TestTaskUITests.xctest */;
			productType = "com.apple.product-type.bundle.ui-testing";
		};
		58C848F02CC32D9400854541 /* WeatherSDK */ = {
			isa = PBXNativeTarget;
			buildConfigurationList = 58C849092CC32D9400854541 /* Build configuration list for PBXNativeTarget "WeatherSDK" */;
			buildPhases = (
				58C848EC2CC32D9400854541 /* Headers */,
				58C848ED2CC32D9400854541 /* Sources */,
				58C848EE2CC32D9400854541 /* Frameworks */,
				58C848EF2CC32D9400854541 /* Resources */,
			);
			buildRules = (
			);
			dependencies = (
			);
			fileSystemSynchronizedGroups = (
				58C848F22CC32D9400854541 /* WeatherSDK */,
			);
			name = WeatherSDK;
			packageProductDependencies = (
			);
			productName = WeatherSDK;
			productReference = 58C848F12CC32D9400854541 /* WeatherSDK.framework */;
			productType = "com.apple.product-type.framework";
		};
		58C848F92CC32D9400854541 /* WeatherSDKTests */ = {
			isa = PBXNativeTarget;
			buildConfigurationList = 58C8490C2CC32D9400854541 /* Build configuration list for PBXNativeTarget "WeatherSDKTests" */;
			buildPhases = (
				58C848F62CC32D9400854541 /* Sources */,
				58C848F72CC32D9400854541 /* Frameworks */,
				58C848F82CC32D9400854541 /* Resources */,
			);
			buildRules = (
			);
			dependencies = (
				58C848FD2CC32D9400854541 /* PBXTargetDependency */,
				58C848FF2CC32D9400854541 /* PBXTargetDependency */,
			);
			name = WeatherSDKTests;
			packageProductDependencies = (
			);
			productName = WeatherSDKTests;
			productReference = 58C848FA2CC32D9400854541 /* WeatherSDKTests.xctest */;
			productType = "com.apple.product-type.bundle.unit-test";
		};
/* End PBXNativeTarget section */

/* Begin PBXProject section */
		5855A11C2CBB0D29006D0CD5 /* Project object */ = {
			isa = PBXProject;
			attributes = {
				BuildIndependentTargetsInParallel = 1;
				LastSwiftUpdateCheck = 1600;
				LastUpgradeCheck = 1600;
				TargetAttributes = {
					5855A1232CBB0D29006D0CD5 = {
						CreatedOnToolsVersion = 16.0;
					};
					5855A1332CBB0D2A006D0CD5 = {
						CreatedOnToolsVersion = 16.0;
						TestTargetID = 5855A1232CBB0D29006D0CD5;
					};
					5855A13D2CBB0D2A006D0CD5 = {
						CreatedOnToolsVersion = 16.0;
						TestTargetID = 5855A1232CBB0D29006D0CD5;
					};
					58C848F02CC32D9400854541 = {
						CreatedOnToolsVersion = 16.0;
					};
					58C848F92CC32D9400854541 = {
						CreatedOnToolsVersion = 16.0;
						TestTargetID = 5855A1232CBB0D29006D0CD5;
					};
				};
			};
			buildConfigurationList = 5855A11F2CBB0D29006D0CD5 /* Build configuration list for PBXProject "TestTask" */;
			developmentRegion = en;
			hasScannedForEncodings = 0;
			knownRegions = (
				en,
				Base,
			);
			mainGroup = 5855A11B2CBB0D29006D0CD5;
			minimizedProjectReferenceProxies = 1;
			preferredProjectObjectVersion = 77;
			productRefGroup = 5855A1252CBB0D29006D0CD5 /* Products */;
			projectDirPath = "";
			projectRoot = "";
			targets = (
				5855A1232CBB0D29006D0CD5 /* TestTask */,
				5855A1332CBB0D2A006D0CD5 /* TestTaskTests */,
				5855A13D2CBB0D2A006D0CD5 /* TestTaskUITests */,
				58C848F02CC32D9400854541 /* WeatherSDK */,
				58C848F92CC32D9400854541 /* WeatherSDKTests */,
			);
		};
/* End PBXProject section */

/* Begin PBXResourcesBuildPhase section */
		5855A1222CBB0D29006D0CD5 /* Resources */ = {
			isa = PBXResourcesBuildPhase;
			buildActionMask = 2147483647;
			files = (
				587D8EC12CCE5DC700BA8C1F /* .gitignore in Resources */,
			);
			runOnlyForDeploymentPostprocessing = 0;
		};
		5855A1322CBB0D2A006D0CD5 /* Resources */ = {
			isa = PBXResourcesBuildPhase;
			buildActionMask = 2147483647;
			files = (
			);
			runOnlyForDeploymentPostprocessing = 0;
		};
		5855A13C2CBB0D2A006D0CD5 /* Resources */ = {
			isa = PBXResourcesBuildPhase;
			buildActionMask = 2147483647;
			files = (
			);
			runOnlyForDeploymentPostprocessing = 0;
		};
		58C848EF2CC32D9400854541 /* Resources */ = {
			isa = PBXResourcesBuildPhase;
			buildActionMask = 2147483647;
			files = (
			);
			runOnlyForDeploymentPostprocessing = 0;
		};
		58C848F82CC32D9400854541 /* Resources */ = {
			isa = PBXResourcesBuildPhase;
			buildActionMask = 2147483647;
			files = (
			);
			runOnlyForDeploymentPostprocessing = 0;
		};
/* End PBXResourcesBuildPhase section */

/* Begin PBXSourcesBuildPhase section */
		5855A1202CBB0D29006D0CD5 /* Sources */ = {
			isa = PBXSourcesBuildPhase;
			buildActionMask = 2147483647;
			files = (
			);
			runOnlyForDeploymentPostprocessing = 0;
		};
		5855A1302CBB0D2A006D0CD5 /* Sources */ = {
			isa = PBXSourcesBuildPhase;
			buildActionMask = 2147483647;
			files = (
			);
			runOnlyForDeploymentPostprocessing = 0;
		};
		5855A13A2CBB0D2A006D0CD5 /* Sources */ = {
			isa = PBXSourcesBuildPhase;
			buildActionMask = 2147483647;
			files = (
			);
			runOnlyForDeploymentPostprocessing = 0;
		};
		58C848ED2CC32D9400854541 /* Sources */ = {
			isa = PBXSourcesBuildPhase;
			buildActionMask = 2147483647;
			files = (
			);
			runOnlyForDeploymentPostprocessing = 0;
		};
		58C848F62CC32D9400854541 /* Sources */ = {
			isa = PBXSourcesBuildPhase;
			buildActionMask = 2147483647;
			files = (
			);
			runOnlyForDeploymentPostprocessing = 0;
		};
/* End PBXSourcesBuildPhase section */

/* Begin PBXTargetDependency section */
		5855A1362CBB0D2A006D0CD5 /* PBXTargetDependency */ = {
			isa = PBXTargetDependency;
			target = 5855A1232CBB0D29006D0CD5 /* TestTask */;
			targetProxy = 5855A1352CBB0D2A006D0CD5 /* PBXContainerItemProxy */;
		};
		5855A1402CBB0D2A006D0CD5 /* PBXTargetDependency */ = {
			isa = PBXTargetDependency;
			target = 5855A1232CBB0D29006D0CD5 /* TestTask */;
			targetProxy = 5855A13F2CBB0D2A006D0CD5 /* PBXContainerItemProxy */;
		};
		5874F7B32CC3325200AE8815 /* PBXTargetDependency */ = {
			isa = PBXTargetDependency;
			target = 58C848F02CC32D9400854541 /* WeatherSDK */;
			targetProxy = 5874F7B22CC3325200AE8815 /* PBXContainerItemProxy */;
		};
		58C848FD2CC32D9400854541 /* PBXTargetDependency */ = {
			isa = PBXTargetDependency;
			target = 58C848F02CC32D9400854541 /* WeatherSDK */;
			targetProxy = 58C848FC2CC32D9400854541 /* PBXContainerItemProxy */;
		};
		58C848FF2CC32D9400854541 /* PBXTargetDependency */ = {
			isa = PBXTargetDependency;
			target = 5855A1232CBB0D29006D0CD5 /* TestTask */;
			targetProxy = 58C848FE2CC32D9400854541 /* PBXContainerItemProxy */;
		};
/* End PBXTargetDependency section */

/* Begin XCBuildConfiguration section */
		5855A1462CBB0D2A006D0CD5 /* Debug */ = {
			isa = XCBuildConfiguration;
			buildSettings = {
				ALWAYS_SEARCH_USER_PATHS = NO;
				ASSETCATALOG_COMPILER_GENERATE_SWIFT_ASSET_SYMBOL_EXTENSIONS = YES;
				CLANG_ANALYZER_NONNULL = YES;
				CLANG_ANALYZER_NUMBER_OBJECT_CONVERSION = YES_AGGRESSIVE;
				CLANG_CXX_LANGUAGE_STANDARD = "gnu++20";
				CLANG_ENABLE_MODULES = YES;
				CLANG_ENABLE_OBJC_ARC = YES;
				CLANG_ENABLE_OBJC_WEAK = YES;
				CLANG_WARN_BLOCK_CAPTURE_AUTORELEASING = YES;
				CLANG_WARN_BOOL_CONVERSION = YES;
				CLANG_WARN_COMMA = YES;
				CLANG_WARN_CONSTANT_CONVERSION = YES;
				CLANG_WARN_DEPRECATED_OBJC_IMPLEMENTATIONS = YES;
				CLANG_WARN_DIRECT_OBJC_ISA_USAGE = YES_ERROR;
				CLANG_WARN_DOCUMENTATION_COMMENTS = YES;
				CLANG_WARN_EMPTY_BODY = YES;
				CLANG_WARN_ENUM_CONVERSION = YES;
				CLANG_WARN_INFINITE_RECURSION = YES;
				CLANG_WARN_INT_CONVERSION = YES;
				CLANG_WARN_NON_LITERAL_NULL_CONVERSION = YES;
				CLANG_WARN_OBJC_IMPLICIT_RETAIN_SELF = YES;
				CLANG_WARN_OBJC_LITERAL_CONVERSION = YES;
				CLANG_WARN_OBJC_ROOT_CLASS = YES_ERROR;
				CLANG_WARN_QUOTED_INCLUDE_IN_FRAMEWORK_HEADER = YES;
				CLANG_WARN_RANGE_LOOP_ANALYSIS = YES;
				CLANG_WARN_STRICT_PROTOTYPES = YES;
				CLANG_WARN_SUSPICIOUS_MOVE = YES;
				CLANG_WARN_UNGUARDED_AVAILABILITY = YES_AGGRESSIVE;
				CLANG_WARN_UNREACHABLE_CODE = YES;
				CLANG_WARN__DUPLICATE_METHOD_MATCH = YES;
				COPY_PHASE_STRIP = NO;
				DEBUG_INFORMATION_FORMAT = dwarf;
				ENABLE_STRICT_OBJC_MSGSEND = YES;
				ENABLE_TESTABILITY = YES;
				ENABLE_USER_SCRIPT_SANDBOXING = YES;
				GCC_C_LANGUAGE_STANDARD = gnu17;
				GCC_DYNAMIC_NO_PIC = NO;
				GCC_NO_COMMON_BLOCKS = YES;
				GCC_OPTIMIZATION_LEVEL = 0;
				GCC_PREPROCESSOR_DEFINITIONS = (
					"DEBUG=1",
					"$(inherited)",
				);
				GCC_WARN_64_TO_32_BIT_CONVERSION = YES;
				GCC_WARN_ABOUT_RETURN_TYPE = YES_ERROR;
				GCC_WARN_UNDECLARED_SELECTOR = YES;
				GCC_WARN_UNINITIALIZED_AUTOS = YES_AGGRESSIVE;
				GCC_WARN_UNUSED_FUNCTION = YES;
				GCC_WARN_UNUSED_VARIABLE = YES;
				IPHONEOS_DEPLOYMENT_TARGET = 16.6;
				LOCALIZATION_PREFERS_STRING_CATALOGS = YES;
				MTL_ENABLE_DEBUG_INFO = INCLUDE_SOURCE;
				MTL_FAST_MATH = YES;
				ONLY_ACTIVE_ARCH = YES;
				SDKROOT = iphoneos;
				SWIFT_ACTIVE_COMPILATION_CONDITIONS = "DEBUG $(inherited)";
				SWIFT_OPTIMIZATION_LEVEL = "-Onone";
			};
			name = Debug;
		};
		5855A1472CBB0D2A006D0CD5 /* Release */ = {
			isa = XCBuildConfiguration;
			buildSettings = {
				ALWAYS_SEARCH_USER_PATHS = NO;
				ASSETCATALOG_COMPILER_GENERATE_SWIFT_ASSET_SYMBOL_EXTENSIONS = YES;
				CLANG_ANALYZER_NONNULL = YES;
				CLANG_ANALYZER_NUMBER_OBJECT_CONVERSION = YES_AGGRESSIVE;
				CLANG_CXX_LANGUAGE_STANDARD = "gnu++20";
				CLANG_ENABLE_MODULES = YES;
				CLANG_ENABLE_OBJC_ARC = YES;
				CLANG_ENABLE_OBJC_WEAK = YES;
				CLANG_WARN_BLOCK_CAPTURE_AUTORELEASING = YES;
				CLANG_WARN_BOOL_CONVERSION = YES;
				CLANG_WARN_COMMA = YES;
				CLANG_WARN_CONSTANT_CONVERSION = YES;
				CLANG_WARN_DEPRECATED_OBJC_IMPLEMENTATIONS = YES;
				CLANG_WARN_DIRECT_OBJC_ISA_USAGE = YES_ERROR;
				CLANG_WARN_DOCUMENTATION_COMMENTS = YES;
				CLANG_WARN_EMPTY_BODY = YES;
				CLANG_WARN_ENUM_CONVERSION = YES;
				CLANG_WARN_INFINITE_RECURSION = YES;
				CLANG_WARN_INT_CONVERSION = YES;
				CLANG_WARN_NON_LITERAL_NULL_CONVERSION = YES;
				CLANG_WARN_OBJC_IMPLICIT_RETAIN_SELF = YES;
				CLANG_WARN_OBJC_LITERAL_CONVERSION = YES;
				CLANG_WARN_OBJC_ROOT_CLASS = YES_ERROR;
				CLANG_WARN_QUOTED_INCLUDE_IN_FRAMEWORK_HEADER = YES;
				CLANG_WARN_RANGE_LOOP_ANALYSIS = YES;
				CLANG_WARN_STRICT_PROTOTYPES = YES;
				CLANG_WARN_SUSPICIOUS_MOVE = YES;
				CLANG_WARN_UNGUARDED_AVAILABILITY = YES_AGGRESSIVE;
				CLANG_WARN_UNREACHABLE_CODE = YES;
				CLANG_WARN__DUPLICATE_METHOD_MATCH = YES;
				COPY_PHASE_STRIP = NO;
				DEBUG_INFORMATION_FORMAT = "dwarf-with-dsym";
				ENABLE_NS_ASSERTIONS = NO;
				ENABLE_STRICT_OBJC_MSGSEND = YES;
				ENABLE_USER_SCRIPT_SANDBOXING = YES;
				GCC_C_LANGUAGE_STANDARD = gnu17;
				GCC_NO_COMMON_BLOCKS = YES;
				GCC_WARN_64_TO_32_BIT_CONVERSION = YES;
				GCC_WARN_ABOUT_RETURN_TYPE = YES_ERROR;
				GCC_WARN_UNDECLARED_SELECTOR = YES;
				GCC_WARN_UNINITIALIZED_AUTOS = YES_AGGRESSIVE;
				GCC_WARN_UNUSED_FUNCTION = YES;
				GCC_WARN_UNUSED_VARIABLE = YES;
				IPHONEOS_DEPLOYMENT_TARGET = 16.6;
				LOCALIZATION_PREFERS_STRING_CATALOGS = YES;
				MTL_ENABLE_DEBUG_INFO = NO;
				MTL_FAST_MATH = YES;
				SDKROOT = iphoneos;
				SWIFT_COMPILATION_MODE = wholemodule;
				VALIDATE_PRODUCT = YES;
			};
			name = Release;
		};
		5855A1492CBB0D2A006D0CD5 /* Debug */ = {
			isa = XCBuildConfiguration;
			buildSettings = {
				ASSETCATALOG_COMPILER_APPICON_NAME = AppIcon;
				ASSETCATALOG_COMPILER_GLOBAL_ACCENT_COLOR_NAME = AccentColor;
				CODE_SIGN_STYLE = Automatic;
				CURRENT_PROJECT_VERSION = 1;
				DEVELOPMENT_ASSET_PATHS = "\"TestTask/Preview Content\"";
				ENABLE_PREVIEWS = YES;
				GENERATE_INFOPLIST_FILE = YES;
				INFOPLIST_FILE = TestTask/Info.plist;
				INFOPLIST_KEY_UIApplicationSceneManifest_Generation = YES;
				INFOPLIST_KEY_UIApplicationSupportsIndirectInputEvents = YES;
				INFOPLIST_KEY_UILaunchScreen_Generation = YES;
				INFOPLIST_KEY_UISupportedInterfaceOrientations = UIInterfaceOrientationPortrait;
				INFOPLIST_KEY_UISupportedInterfaceOrientations_iPad = "UIInterfaceOrientationLandscapeLeft UIInterfaceOrientationLandscapeRight UIInterfaceOrientationPortrait UIInterfaceOrientationPortraitUpsideDown";
				INFOPLIST_KEY_UIUserInterfaceStyle = Light;
				IPHONEOS_DEPLOYMENT_TARGET = 16.6;
				LD_RUNPATH_SEARCH_PATHS = (
					"$(inherited)",
					"@executable_path/Frameworks",
				);
				MARKETING_VERSION = 1.0;
				PRODUCT_BUNDLE_IDENTIFIER = kuzmin.ruslan.TestTask;
				PRODUCT_NAME = "$(TARGET_NAME)";
				SWIFT_EMIT_LOC_STRINGS = YES;
				SWIFT_VERSION = 5.0;
				TARGETED_DEVICE_FAMILY = "1,2";
			};
			name = Debug;
		};
		5855A14A2CBB0D2A006D0CD5 /* Release */ = {
			isa = XCBuildConfiguration;
			buildSettings = {
				ASSETCATALOG_COMPILER_APPICON_NAME = AppIcon;
				ASSETCATALOG_COMPILER_GLOBAL_ACCENT_COLOR_NAME = AccentColor;
				CODE_SIGN_STYLE = Automatic;
				CURRENT_PROJECT_VERSION = 1;
				DEVELOPMENT_ASSET_PATHS = "\"TestTask/Preview Content\"";
				ENABLE_PREVIEWS = YES;
				GENERATE_INFOPLIST_FILE = YES;
				INFOPLIST_FILE = TestTask/Info.plist;
				INFOPLIST_KEY_UIApplicationSceneManifest_Generation = YES;
				INFOPLIST_KEY_UIApplicationSupportsIndirectInputEvents = YES;
				INFOPLIST_KEY_UILaunchScreen_Generation = YES;
				INFOPLIST_KEY_UISupportedInterfaceOrientations = UIInterfaceOrientationPortrait;
				INFOPLIST_KEY_UISupportedInterfaceOrientations_iPad = "UIInterfaceOrientationLandscapeLeft UIInterfaceOrientationLandscapeRight UIInterfaceOrientationPortrait UIInterfaceOrientationPortraitUpsideDown";
				INFOPLIST_KEY_UIUserInterfaceStyle = Light;
				IPHONEOS_DEPLOYMENT_TARGET = 16.6;
				LD_RUNPATH_SEARCH_PATHS = (
					"$(inherited)",
					"@executable_path/Frameworks",
				);
				MARKETING_VERSION = 1.0;
				PRODUCT_BUNDLE_IDENTIFIER = kuzmin.ruslan.TestTask;
				PRODUCT_NAME = "$(TARGET_NAME)";
				SWIFT_EMIT_LOC_STRINGS = YES;
				SWIFT_VERSION = 5.0;
				TARGETED_DEVICE_FAMILY = "1,2";
			};
			name = Release;
		};
		5855A14C2CBB0D2A006D0CD5 /* Debug */ = {
			isa = XCBuildConfiguration;
			buildSettings = {
				BUNDLE_LOADER = "$(TEST_HOST)";
				CODE_SIGN_STYLE = Automatic;
				CURRENT_PROJECT_VERSION = 1;
				GENERATE_INFOPLIST_FILE = YES;
				IPHONEOS_DEPLOYMENT_TARGET = 16.6;
				MARKETING_VERSION = 1.0;
				PRODUCT_BUNDLE_IDENTIFIER = kuzmin.ruslan.TestTaskTests;
				PRODUCT_NAME = "$(TARGET_NAME)";
				SWIFT_EMIT_LOC_STRINGS = NO;
				SWIFT_VERSION = 5.0;
				TARGETED_DEVICE_FAMILY = "1,2";
				TEST_HOST = "$(BUILT_PRODUCTS_DIR)/TestTask.app/$(BUNDLE_EXECUTABLE_FOLDER_PATH)/TestTask";
			};
			name = Debug;
		};
		5855A14D2CBB0D2A006D0CD5 /* Release */ = {
			isa = XCBuildConfiguration;
			buildSettings = {
				BUNDLE_LOADER = "$(TEST_HOST)";
				CODE_SIGN_STYLE = Automatic;
				CURRENT_PROJECT_VERSION = 1;
				GENERATE_INFOPLIST_FILE = YES;
				IPHONEOS_DEPLOYMENT_TARGET = 16.6;
				MARKETING_VERSION = 1.0;
				PRODUCT_BUNDLE_IDENTIFIER = kuzmin.ruslan.TestTaskTests;
				PRODUCT_NAME = "$(TARGET_NAME)";
				SWIFT_EMIT_LOC_STRINGS = NO;
				SWIFT_VERSION = 5.0;
				TARGETED_DEVICE_FAMILY = "1,2";
				TEST_HOST = "$(BUILT_PRODUCTS_DIR)/TestTask.app/$(BUNDLE_EXECUTABLE_FOLDER_PATH)/TestTask";
			};
			name = Release;
		};
		5855A14F2CBB0D2A006D0CD5 /* Debug */ = {
			isa = XCBuildConfiguration;
			buildSettings = {
				CODE_SIGN_STYLE = Automatic;
				CURRENT_PROJECT_VERSION = 1;
				GENERATE_INFOPLIST_FILE = YES;
				MARKETING_VERSION = 1.0;
				PRODUCT_BUNDLE_IDENTIFIER = kuzmin.ruslan.TestTaskUITests;
				PRODUCT_NAME = "$(TARGET_NAME)";
				SWIFT_EMIT_LOC_STRINGS = NO;
				SWIFT_VERSION = 5.0;
				TARGETED_DEVICE_FAMILY = "1,2";
				TEST_TARGET_NAME = TestTask;
			};
			name = Debug;
		};
		5855A1502CBB0D2A006D0CD5 /* Release */ = {
			isa = XCBuildConfiguration;
			buildSettings = {
				CODE_SIGN_STYLE = Automatic;
				CURRENT_PROJECT_VERSION = 1;
				GENERATE_INFOPLIST_FILE = YES;
				MARKETING_VERSION = 1.0;
				PRODUCT_BUNDLE_IDENTIFIER = kuzmin.ruslan.TestTaskUITests;
				PRODUCT_NAME = "$(TARGET_NAME)";
				SWIFT_EMIT_LOC_STRINGS = NO;
				SWIFT_VERSION = 5.0;
				TARGETED_DEVICE_FAMILY = "1,2";
				TEST_TARGET_NAME = TestTask;
			};
			name = Release;
		};
		58C8490A2CC32D9400854541 /* Debug */ = {
			isa = XCBuildConfiguration;
			buildSettings = {
				BUILD_LIBRARY_FOR_DISTRIBUTION = YES;
				CODE_SIGN_STYLE = Automatic;
				CURRENT_PROJECT_VERSION = 1;
				DEFINES_MODULE = YES;
				DYLIB_COMPATIBILITY_VERSION = 1;
				DYLIB_CURRENT_VERSION = 1;
				DYLIB_INSTALL_NAME_BASE = "@rpath";
				ENABLE_MODULE_VERIFIER = YES;
				GENERATE_INFOPLIST_FILE = YES;
				INFOPLIST_KEY_NSHumanReadableCopyright = "";
				INSTALL_PATH = "$(LOCAL_LIBRARY_DIR)/Frameworks";
				IPHONEOS_DEPLOYMENT_TARGET = 16.6;
				LD_RUNPATH_SEARCH_PATHS = (
					"$(inherited)",
					"@executable_path/Frameworks",
					"@loader_path/Frameworks",
				);
				MARKETING_VERSION = 1.0;
				MODULE_VERIFIER_SUPPORTED_LANGUAGES = "objective-c objective-c++";
				MODULE_VERIFIER_SUPPORTED_LANGUAGE_STANDARDS = "gnu17 gnu++20";
				PRODUCT_BUNDLE_IDENTIFIER = kuzmin.ruslan.WeatherSDK;
				PRODUCT_NAME = "$(TARGET_NAME:c99extidentifier)";
				SKIP_INSTALL = YES;
				SWIFT_EMIT_LOC_STRINGS = YES;
				SWIFT_INSTALL_OBJC_HEADER = NO;
				SWIFT_VERSION = 5.0;
				TARGETED_DEVICE_FAMILY = "1,2";
				VERSIONING_SYSTEM = "apple-generic";
				VERSION_INFO_PREFIX = "";
			};
			name = Debug;
		};
		58C8490B2CC32D9400854541 /* Release */ = {
			isa = XCBuildConfiguration;
			buildSettings = {
				BUILD_LIBRARY_FOR_DISTRIBUTION = YES;
				CODE_SIGN_STYLE = Automatic;
				CURRENT_PROJECT_VERSION = 1;
				DEFINES_MODULE = YES;
				DYLIB_COMPATIBILITY_VERSION = 1;
				DYLIB_CURRENT_VERSION = 1;
				DYLIB_INSTALL_NAME_BASE = "@rpath";
				ENABLE_MODULE_VERIFIER = YES;
				GENERATE_INFOPLIST_FILE = YES;
				INFOPLIST_KEY_NSHumanReadableCopyright = "";
				INSTALL_PATH = "$(LOCAL_LIBRARY_DIR)/Frameworks";
				IPHONEOS_DEPLOYMENT_TARGET = 16.6;
				LD_RUNPATH_SEARCH_PATHS = (
					"$(inherited)",
					"@executable_path/Frameworks",
					"@loader_path/Frameworks",
				);
				MARKETING_VERSION = 1.0;
				MODULE_VERIFIER_SUPPORTED_LANGUAGES = "objective-c objective-c++";
				MODULE_VERIFIER_SUPPORTED_LANGUAGE_STANDARDS = "gnu17 gnu++20";
				PRODUCT_BUNDLE_IDENTIFIER = kuzmin.ruslan.WeatherSDK;
				PRODUCT_NAME = "$(TARGET_NAME:c99extidentifier)";
				SKIP_INSTALL = YES;
				SWIFT_EMIT_LOC_STRINGS = YES;
				SWIFT_INSTALL_OBJC_HEADER = NO;
				SWIFT_VERSION = 5.0;
				TARGETED_DEVICE_FAMILY = "1,2";
				VERSIONING_SYSTEM = "apple-generic";
				VERSION_INFO_PREFIX = "";
			};
			name = Release;
		};
		58C8490D2CC32D9400854541 /* Debug */ = {
			isa = XCBuildConfiguration;
			buildSettings = {
				CODE_SIGN_STYLE = Automatic;
				CURRENT_PROJECT_VERSION = 1;
				GENERATE_INFOPLIST_FILE = YES;
				MARKETING_VERSION = 1.0;
				PRODUCT_BUNDLE_IDENTIFIER = kuzmin.ruslan.WeatherSDKTests;
				PRODUCT_NAME = "$(TARGET_NAME)";
				SWIFT_EMIT_LOC_STRINGS = NO;
				SWIFT_VERSION = 5.0;
				TARGETED_DEVICE_FAMILY = "1,2";
				TEST_HOST = "$(BUILT_PRODUCTS_DIR)/TestTask.app/$(BUNDLE_EXECUTABLE_FOLDER_PATH)/TestTask";
			};
			name = Debug;
		};
		58C8490E2CC32D9400854541 /* Release */ = {
			isa = XCBuildConfiguration;
			buildSettings = {
				CODE_SIGN_STYLE = Automatic;
				CURRENT_PROJECT_VERSION = 1;
				GENERATE_INFOPLIST_FILE = YES;
				MARKETING_VERSION = 1.0;
				PRODUCT_BUNDLE_IDENTIFIER = kuzmin.ruslan.WeatherSDKTests;
				PRODUCT_NAME = "$(TARGET_NAME)";
				SWIFT_EMIT_LOC_STRINGS = NO;
				SWIFT_VERSION = 5.0;
				TARGETED_DEVICE_FAMILY = "1,2";
				TEST_HOST = "$(BUILT_PRODUCTS_DIR)/TestTask.app/$(BUNDLE_EXECUTABLE_FOLDER_PATH)/TestTask";
			};
			name = Release;
		};
/* End XCBuildConfiguration section */

/* Begin XCConfigurationList section */
		5855A11F2CBB0D29006D0CD5 /* Build configuration list for PBXProject "TestTask" */ = {
			isa = XCConfigurationList;
			buildConfigurations = (
				5855A1462CBB0D2A006D0CD5 /* Debug */,
				5855A1472CBB0D2A006D0CD5 /* Release */,
			);
			defaultConfigurationIsVisible = 0;
			defaultConfigurationName = Release;
		};
		5855A1482CBB0D2A006D0CD5 /* Build configuration list for PBXNativeTarget "TestTask" */ = {
			isa = XCConfigurationList;
			buildConfigurations = (
				5855A1492CBB0D2A006D0CD5 /* Debug */,
				5855A14A2CBB0D2A006D0CD5 /* Release */,
			);
			defaultConfigurationIsVisible = 0;
			defaultConfigurationName = Release;
		};
		5855A14B2CBB0D2A006D0CD5 /* Build configuration list for PBXNativeTarget "TestTaskTests" */ = {
			isa = XCConfigurationList;
			buildConfigurations = (
				5855A14C2CBB0D2A006D0CD5 /* Debug */,
				5855A14D2CBB0D2A006D0CD5 /* Release */,
			);
			defaultConfigurationIsVisible = 0;
			defaultConfigurationName = Release;
		};
		5855A14E2CBB0D2A006D0CD5 /* Build configuration list for PBXNativeTarget "TestTaskUITests" */ = {
			isa = XCConfigurationList;
			buildConfigurations = (
				5855A14F2CBB0D2A006D0CD5 /* Debug */,
				5855A1502CBB0D2A006D0CD5 /* Release */,
			);
			defaultConfigurationIsVisible = 0;
			defaultConfigurationName = Release;
		};
		58C849092CC32D9400854541 /* Build configuration list for PBXNativeTarget "WeatherSDK" */ = {
			isa = XCConfigurationList;
			buildConfigurations = (
				58C8490A2CC32D9400854541 /* Debug */,
				58C8490B2CC32D9400854541 /* Release */,
			);
			defaultConfigurationIsVisible = 0;
			defaultConfigurationName = Release;
		};
		58C8490C2CC32D9400854541 /* Build configuration list for PBXNativeTarget "WeatherSDKTests" */ = {
			isa = XCConfigurationList;
			buildConfigurations = (
				58C8490D2CC32D9400854541 /* Debug */,
				58C8490E2CC32D9400854541 /* Release */,
			);
			defaultConfigurationIsVisible = 0;
			defaultConfigurationName = Release;
		};
/* End XCConfigurationList section */
	};
	rootObject = 5855A11C2CBB0D29006D0CD5 /* Project object */;
}
